
Microsoft Visual Studio Solution File, Format Version 12.00
# Visual Studio Version 17
VisualStudioVersion = 17.0.31912.275
MinimumVisualStudioVersion = 10.0.40219.1
Project("{2150E333-8FDC-42A3-9474-1A3956D46DE8}") = "src", "src", "{4E9A89A2-4865-429C-8C06-773B972C1F87}"
EndProject
Project("{2150E333-8FDC-42A3-9474-1A3956D46DE8}") = "API", "API", "{363F4859-1BE2-4D28-B415-43383602EBB2}"
EndProject
Project("{2150E333-8FDC-42A3-9474-1A3956D46DE8}") = "Infrastructure", "Infrastructure", "{D70F92A0-9993-4120-8969-098953DB8EA8}"
EndProject
Project("{2150E333-8FDC-42A3-9474-1A3956D46DE8}") = "Core", "Core", "{CCD4767D-135D-49B5-BEA5-270C6B64A803}"
EndProject
Project("{9A19103F-16F7-4668-BE54-9A1E7A4F7556}") = "API", "API\API.csproj", "{C636653F-9B5F-4EA3-8849-B6D0B00AC9C6}"
EndProject
Project("{FAE04EC0-301F-11D3-BF4B-00C04F79EFBC}") = "Identity", "Identity\Identity.csproj", "{41F967D3-791E-416C-B610-782B16FCCC81}"
EndProject
Project("{FAE04EC0-301F-11D3-BF4B-00C04F79EFBC}") = "Infrastructure", "Infrastructure\Infrastructure.csproj", "{E07DCB32-DCEF-4DED-9D12-E7D6DCB538EC}"
EndProject
Project("{FAE04EC0-301F-11D3-BF4B-00C04F79EFBC}") = "Domain", "Domain\Domain.csproj", "{91DC67E0-1FBD-49E4-B7F2-6278DB1E02FC}"
EndProject
Project("{FAE04EC0-301F-11D3-BF4B-00C04F79EFBC}") = "Application", "Application\Application.csproj", "{5F8AB816-7A20-4D53-A7F8-F915354C5A2C}"
EndProject
Project("{FAE04EC0-301F-11D3-BF4B-00C04F79EFBC}") = "Persistence", "Persistence\Persistence.csproj", "{E217F272-1EE8-48B4-A704-C6DA47C36724}"
EndProject
Global
	GlobalSection(SolutionConfigurationPlatforms) = preSolution
		Debug|Any CPU = Debug|Any CPU
		Release|Any CPU = Release|Any CPU
	EndGlobalSection
	GlobalSection(ProjectConfigurationPlatforms) = postSolution
		{C636653F-9B5F-4EA3-8849-B6D0B00AC9C6}.Debug|Any CPU.ActiveCfg = Debug|Any CPU
		{C636653F-9B5F-4EA3-8849-B6D0B00AC9C6}.Debug|Any CPU.Build.0 = Debug|Any CPU
		{C636653F-9B5F-4EA3-8849-B6D0B00AC9C6}.Release|Any CPU.ActiveCfg = Release|Any CPU
		{C636653F-9B5F-4EA3-8849-B6D0B00AC9C6}.Release|Any CPU.Build.0 = Release|Any CPU
		{41F967D3-791E-416C-B610-782B16FCCC81}.Debug|Any CPU.ActiveCfg = Debug|Any CPU
		{41F967D3-791E-416C-B610-782B16FCCC81}.Debug|Any CPU.Build.0 = Debug|Any CPU
		{41F967D3-791E-416C-B610-782B16FCCC81}.Release|Any CPU.ActiveCfg = Release|Any CPU
		{41F967D3-791E-416C-B610-782B16FCCC81}.Release|Any CPU.Build.0 = Release|Any CPU
		{E07DCB32-DCEF-4DED-9D12-E7D6DCB538EC}.Debug|Any CPU.ActiveCfg = Debug|Any CPU
		{E07DCB32-DCEF-4DED-9D12-E7D6DCB538EC}.Debug|Any CPU.Build.0 = Debug|Any CPU
		{E07DCB32-DCEF-4DED-9D12-E7D6DCB538EC}.Release|Any CPU.ActiveCfg = Release|Any CPU
		{E07DCB32-DCEF-4DED-9D12-E7D6DCB538EC}.Release|Any CPU.Build.0 = Release|Any CPU
		{91DC67E0-1FBD-49E4-B7F2-6278DB1E02FC}.Debug|Any CPU.ActiveCfg = Debug|Any CPU
		{91DC67E0-1FBD-49E4-B7F2-6278DB1E02FC}.Debug|Any CPU.Build.0 = Debug|Any CPU
		{91DC67E0-1FBD-49E4-B7F2-6278DB1E02FC}.Release|Any CPU.ActiveCfg = Release|Any CPU
		{91DC67E0-1FBD-49E4-B7F2-6278DB1E02FC}.Release|Any CPU.Build.0 = Release|Any CPU
		{5F8AB816-7A20-4D53-A7F8-F915354C5A2C}.Debug|Any CPU.ActiveCfg = Debug|Any CPU
		{5F8AB816-7A20-4D53-A7F8-F915354C5A2C}.Debug|Any CPU.Build.0 = Debug|Any CPU
		{5F8AB816-7A20-4D53-A7F8-F915354C5A2C}.Release|Any CPU.ActiveCfg = Release|Any CPU
		{5F8AB816-7A20-4D53-A7F8-F915354C5A2C}.Release|Any CPU.Build.0 = Release|Any CPU
		{E217F272-1EE8-48B4-A704-C6DA47C36724}.Debug|Any CPU.ActiveCfg = Debug|Any CPU
		{E217F272-1EE8-48B4-A704-C6DA47C36724}.Debug|Any CPU.Build.0 = Debug|Any CPU
		{E217F272-1EE8-48B4-A704-C6DA47C36724}.Release|Any CPU.ActiveCfg = Release|Any CPU
		{E217F272-1EE8-48B4-A704-C6DA47C36724}.Release|Any CPU.Build.0 = Release|Any CPU
	EndGlobalSection
	GlobalSection(SolutionProperties) = preSolution
		HideSolutionNode = FALSE
	EndGlobalSection
	GlobalSection(NestedProjects) = preSolution
		{363F4859-1BE2-4D28-B415-43383602EBB2} = {4E9A89A2-4865-429C-8C06-773B972C1F87}
		{D70F92A0-9993-4120-8969-098953DB8EA8} = {4E9A89A2-4865-429C-8C06-773B972C1F87}
		{CCD4767D-135D-49B5-BEA5-270C6B64A803} = {4E9A89A2-4865-429C-8C06-773B972C1F87}
		{C636653F-9B5F-4EA3-8849-B6D0B00AC9C6} = {363F4859-1BE2-4D28-B415-43383602EBB2}
		{41F967D3-791E-416C-B610-782B16FCCC81} = {D70F92A0-9993-4120-8969-098953DB8EA8}
		{E07DCB32-DCEF-4DED-9D12-E7D6DCB538EC} = {D70F92A0-9993-4120-8969-098953DB8EA8}
		{91DC67E0-1FBD-49E4-B7F2-6278DB1E02FC} = {CCD4767D-135D-49B5-BEA5-270C6B64A803}
		{5F8AB816-7A20-4D53-A7F8-F915354C5A2C} = {CCD4767D-135D-49B5-BEA5-270C6B64A803}
		{E217F272-1EE8-48B4-A704-C6DA47C36724} = {D70F92A0-9993-4120-8969-098953DB8EA8}
	EndGlobalSection
	GlobalSection(ExtensibilityGlobals) = postSolution
		SolutionGuid = {3C3ED21D-6A8A-47AC-AB82-A56817B767E4}
	EndGlobalSection
EndGlobal
